
Microsoft Visual Studio Solution File, Format Version 12.00
Project("{FAE04EC0-301F-11D3-BF4B-00C04F79EFBC}") = "Api", "Api\Api.csproj", "{2427FECF-2C27-4EF2-8EC6-84CE61D8F3AE}"
EndProject
Project("{2150E333-8FDC-42A3-9474-1A3956D46DE8}") = "Solution Items", "Solution Items", "{C2F34E8D-9CF6-47E2-B109-7EF811D2C71F}"
	ProjectSection(SolutionItems) = preProject
		compose.yaml = compose.yaml
	EndProjectSection
EndProject
Project("{2150E333-8FDC-42A3-9474-1A3956D46DE8}") = "src", "src", "{084A38E1-8CAB-4B86-8DFC-868FD7CCB456}"
EndProject
Project("{FAE04EC0-301F-11D3-BF4B-00C04F79EFBC}") = "Services", "Services\Services.csproj", "{C23DE38B-622A-476D-A099-1B5DDB6150D2}"
EndProject
Project("{FAE04EC0-301F-11D3-BF4B-00C04F79EFBC}") = "Repositories", "Repositories\Repositories.csproj", "{40F4F9A3-DCC9-4491-A645-15A3168BBA1A}"
EndProject
Project("{FAE04EC0-301F-11D3-BF4B-00C04F79EFBC}") = "DataModels", "DataModels\DataModels.csproj", "{8EDF8D5E-FBF6-4170-8952-22135618223D}"
EndProject
Project("{FAE04EC0-301F-11D3-BF4B-00C04F79EFBC}") = "DbEntities", "DbEntities\DbEntities.csproj", "{A1316DAF-08F5-4E5E-8211-EA4F335348C0}"
EndProject
Project("{FAE04EC0-301F-11D3-BF4B-00C04F79EFBC}") = "ServicesTests", "Tests\ServicesTests\ServicesTests.csproj", "{4D24D641-B551-4521-A674-93FD734C3751}"
EndProject
Global
	GlobalSection(SolutionConfigurationPlatforms) = preSolution
		Debug|Any CPU = Debug|Any CPU
		Release|Any CPU = Release|Any CPU
	EndGlobalSection
	GlobalSection(ProjectConfigurationPlatforms) = postSolution
		{2427FECF-2C27-4EF2-8EC6-84CE61D8F3AE}.Debug|Any CPU.ActiveCfg = Debug|Any CPU
		{2427FECF-2C27-4EF2-8EC6-84CE61D8F3AE}.Debug|Any CPU.Build.0 = Debug|Any CPU
		{2427FECF-2C27-4EF2-8EC6-84CE61D8F3AE}.Release|Any CPU.ActiveCfg = Release|Any CPU
		{2427FECF-2C27-4EF2-8EC6-84CE61D8F3AE}.Release|Any CPU.Build.0 = Release|Any CPU
		{C23DE38B-622A-476D-A099-1B5DDB6150D2}.Debug|Any CPU.ActiveCfg = Debug|Any CPU
		{C23DE38B-622A-476D-A099-1B5DDB6150D2}.Debug|Any CPU.Build.0 = Debug|Any CPU
		{C23DE38B-622A-476D-A099-1B5DDB6150D2}.Release|Any CPU.ActiveCfg = Release|Any CPU
		{C23DE38B-622A-476D-A099-1B5DDB6150D2}.Release|Any CPU.Build.0 = Release|Any CPU
		{40F4F9A3-DCC9-4491-A645-15A3168BBA1A}.Debug|Any CPU.ActiveCfg = Debug|Any CPU
		{40F4F9A3-DCC9-4491-A645-15A3168BBA1A}.Debug|Any CPU.Build.0 = Debug|Any CPU
		{40F4F9A3-DCC9-4491-A645-15A3168BBA1A}.Release|Any CPU.ActiveCfg = Release|Any CPU
		{40F4F9A3-DCC9-4491-A645-15A3168BBA1A}.Release|Any CPU.Build.0 = Release|Any CPU
		{8EDF8D5E-FBF6-4170-8952-22135618223D}.Debug|Any CPU.ActiveCfg = Debug|Any CPU
		{8EDF8D5E-FBF6-4170-8952-22135618223D}.Debug|Any CPU.Build.0 = Debug|Any CPU
		{8EDF8D5E-FBF6-4170-8952-22135618223D}.Release|Any CPU.ActiveCfg = Release|Any CPU
		{8EDF8D5E-FBF6-4170-8952-22135618223D}.Release|Any CPU.Build.0 = Release|Any CPU
		{A1316DAF-08F5-4E5E-8211-EA4F335348C0}.Debug|Any CPU.ActiveCfg = Debug|Any CPU
		{A1316DAF-08F5-4E5E-8211-EA4F335348C0}.Debug|Any CPU.Build.0 = Debug|Any CPU
		{A1316DAF-08F5-4E5E-8211-EA4F335348C0}.Release|Any CPU.ActiveCfg = Release|Any CPU
		{A1316DAF-08F5-4E5E-8211-EA4F335348C0}.Release|Any CPU.Build.0 = Release|Any CPU
		{4D24D641-B551-4521-A674-93FD734C3751}.Debug|Any CPU.ActiveCfg = Debug|Any CPU
		{4D24D641-B551-4521-A674-93FD734C3751}.Debug|Any CPU.Build.0 = Debug|Any CPU
		{4D24D641-B551-4521-A674-93FD734C3751}.Release|Any CPU.ActiveCfg = Release|Any CPU
		{4D24D641-B551-4521-A674-93FD734C3751}.Release|Any CPU.Build.0 = Release|Any CPU
	EndGlobalSection
	GlobalSection(NestedProjects) = preSolution
		{2427FECF-2C27-4EF2-8EC6-84CE61D8F3AE} = {084A38E1-8CAB-4B86-8DFC-868FD7CCB456}
		{C23DE38B-622A-476D-A099-1B5DDB6150D2} = {084A38E1-8CAB-4B86-8DFC-868FD7CCB456}
		{40F4F9A3-DCC9-4491-A645-15A3168BBA1A} = {084A38E1-8CAB-4B86-8DFC-868FD7CCB456}
		{8EDF8D5E-FBF6-4170-8952-22135618223D} = {084A38E1-8CAB-4B86-8DFC-868FD7CCB456}
		{A1316DAF-08F5-4E5E-8211-EA4F335348C0} = {084A38E1-8CAB-4B86-8DFC-868FD7CCB456}
	EndGlobalSection
EndGlobal
